// !$*UTF8*$!
{
	archiveVersion = 1;
	classes = {
	};
	objectVersion = 48;
	objects = {

/* Begin PBXBuildFile section */
		BC1746B61FA60989008E1CD9 /* ViewController.swift in Sources */ = {isa = PBXBuildFile; fileRef = BC1746B21FA60988008E1CD9 /* ViewController.swift */; };
		BC1746B71FA60989008E1CD9 /* AppDelegate.swift in Sources */ = {isa = PBXBuildFile; fileRef = BC1746B41FA60988008E1CD9 /* AppDelegate.swift */; };
		BC1746B91FA609A9008E1CD9 /* QRImageGenerator.swift in Sources */ = {isa = PBXBuildFile; fileRef = BC1746B81FA609A9008E1CD9 /* QRImageGenerator.swift */; };
		BC93C05D1FA4A8D800917E14 /* Main.storyboard in Resources */ = {isa = PBXBuildFile; fileRef = BC93C05B1FA4A8D800917E14 /* Main.storyboard */; };
		BC93C05F1FA4A8D800917E14 /* Assets.xcassets in Resources */ = {isa = PBXBuildFile; fileRef = BC93C05E1FA4A8D800917E14 /* Assets.xcassets */; };
		BC93C0621FA4A8D800917E14 /* LaunchScreen.storyboard in Resources */ = {isa = PBXBuildFile; fileRef = BC93C0601FA4A8D800917E14 /* LaunchScreen.storyboard */; };
/* End PBXBuildFile section */

/* Begin PBXFileReference section */
		BC1746B21FA60988008E1CD9 /* ViewController.swift */ = {isa = PBXFileReference; fileEncoding = 4; lastKnownFileType = sourcecode.swift; path = ViewController.swift; sourceTree = "<group>"; };
		BC1746B41FA60988008E1CD9 /* AppDelegate.swift */ = {isa = PBXFileReference; fileEncoding = 4; lastKnownFileType = sourcecode.swift; path = AppDelegate.swift; sourceTree = "<group>"; };
		BC1746B81FA609A9008E1CD9 /* QRImageGenerator.swift */ = {isa = PBXFileReference; lastKnownFileType = sourcecode.swift; path = QRImageGenerator.swift; sourceTree = "<group>"; };
		BC93C0541FA4A8D800917E14 /* QRCodeGenerator.app */ = {isa = PBXFileReference; explicitFileType = wrapper.application; includeInIndex = 0; path = QRCodeGenerator.app; sourceTree = BUILT_PRODUCTS_DIR; };
		BC93C05C1FA4A8D800917E14 /* Base */ = {isa = PBXFileReference; lastKnownFileType = file.storyboard; name = Base; path = Base.lproj/Main.storyboard; sourceTree = "<group>"; };
		BC93C05E1FA4A8D800917E14 /* Assets.xcassets */ = {isa = PBXFileReference; lastKnownFileType = folder.assetcatalog; path = Assets.xcassets; sourceTree = "<group>"; };
		BC93C0611FA4A8D800917E14 /* Base */ = {isa = PBXFileReference; lastKnownFileType = file.storyboard; name = Base; path = Base.lproj/LaunchScreen.storyboard; sourceTree = "<group>"; };
		BC93C0631FA4A8D800917E14 /* Info.plist */ = {isa = PBXFileReference; lastKnownFileType = text.plist.xml; path = Info.plist; sourceTree = "<group>"; };
/* End PBXFileReference section */

/* Begin PBXFrameworksBuildPhase section */
		BC93C0511FA4A8D800917E14 /* Frameworks */ = {
			isa = PBXFrameworksBuildPhase;
			buildActionMask = 2147483647;
			files = (
			);
			runOnlyForDeploymentPostprocessing = 0;
		};
/* End PBXFrameworksBuildPhase section */

/* Begin PBXGroup section */
		BC1746B11FA60988008E1CD9 /* ViewController */ = {
			isa = PBXGroup;
			children = (
				BC1746B21FA60988008E1CD9 /* ViewController.swift */,
			);
			path = ViewController;
			sourceTree = "<group>";
		};
		BC1746B31FA60988008E1CD9 /* AppDelegate */ = {
			isa = PBXGroup;
			children = (
				BC1746B41FA60988008E1CD9 /* AppDelegate.swift */,
			);
			path = AppDelegate;
			sourceTree = "<group>";
		};
		BC1746B51FA60988008E1CD9 /* QRImageGenerator */ = {
			isa = PBXGroup;
			children = (
				BC1746B81FA609A9008E1CD9 /* QRImageGenerator.swift */,
			);
			path = QRImageGenerator;
			sourceTree = "<group>";
		};
		BC93C04B1FA4A8D800917E14 = {
			isa = PBXGroup;
			children = (
				BC93C0561FA4A8D800917E14 /* QRCodeGenerator */,
				BC93C0551FA4A8D800917E14 /* Products */,
			);
			sourceTree = "<group>";
		};
		BC93C0551FA4A8D800917E14 /* Products */ = {
			isa = PBXGroup;
			children = (
				BC93C0541FA4A8D800917E14 /* QRCodeGenerator.app */,
			);
			name = Products;
			sourceTree = "<group>";
		};
		BC93C0561FA4A8D800917E14 /* QRCodeGenerator */ = {
			isa = PBXGroup;
			children = (
				BC1746B31FA60988008E1CD9 /* AppDelegate */,
				BC1746B51FA60988008E1CD9 /* QRImageGenerator */,
				BC1746B11FA60988008E1CD9 /* ViewController */,
				BC93C05B1FA4A8D800917E14 /* Main.storyboard */,
				BC93C05E1FA4A8D800917E14 /* Assets.xcassets */,
				BC93C0601FA4A8D800917E14 /* LaunchScreen.storyboard */,
				BC93C0631FA4A8D800917E14 /* Info.plist */,
			);
			path = QRCodeGenerator;
			sourceTree = "<group>";
		};
/* End PBXGroup section */

/* Begin PBXNativeTarget section */
		BC93C0531FA4A8D800917E14 /* QRCodeGenerator */ = {
			isa = PBXNativeTarget;
			buildConfigurationList = BC93C0661FA4A8D800917E14 /* Build configuration list for PBXNativeTarget "QRCodeGenerator" */;
			buildPhases = (
				BC93C0501FA4A8D800917E14 /* Sources */,
				BC93C0511FA4A8D800917E14 /* Frameworks */,
				BC93C0521FA4A8D800917E14 /* Resources */,
			);
			buildRules = (
			);
			dependencies = (
			);
			name = QRCodeGenerator;
			productName = QRCodeGenerator;
			productReference = BC93C0541FA4A8D800917E14 /* QRCodeGenerator.app */;
			productType = "com.apple.product-type.application";
		};
/* End PBXNativeTarget section */

/* Begin PBXProject section */
		BC93C04C1FA4A8D800917E14 /* Project object */ = {
			isa = PBXProject;
			attributes = {
				LastSwiftUpdateCheck = 0910;
				LastUpgradeCheck = 0910;
				ORGANIZATIONNAME = "Dheeraj Rathore";
				TargetAttributes = {
					BC93C0531FA4A8D800917E14 = {
						CreatedOnToolsVersion = 9.1;
						ProvisioningStyle = Automatic;
					};
				};
			};
			buildConfigurationList = BC93C04F1FA4A8D800917E14 /* Build configuration list for PBXProject "QRCodeGenerator" */;
			compatibilityVersion = "Xcode 8.0";
			developmentRegion = en;
			hasScannedForEncodings = 0;
			knownRegions = (
				en,
				Base,
			);
			mainGroup = BC93C04B1FA4A8D800917E14;
			productRefGroup = BC93C0551FA4A8D800917E14 /* Products */;
			projectDirPath = "";
			projectRoot = "";
			targets = (
				BC93C0531FA4A8D800917E14 /* QRCodeGenerator */,
			);
		};
/* End PBXProject section */

/* Begin PBXResourcesBuildPhase section */
		BC93C0521FA4A8D800917E14 /* Resources */ = {
			isa = PBXResourcesBuildPhase;
			buildActionMask = 2147483647;
			files = (
				BC93C0621FA4A8D800917E14 /* LaunchScreen.storyboard in Resources */,
				BC93C05F1FA4A8D800917E14 /* Assets.xcassets in Resources */,
				BC93C05D1FA4A8D800917E14 /* Main.storyboard in Resources */,
			);
			runOnlyForDeploymentPostprocessing = 0;
		};
/* End PBXResourcesBuildPhase section */

/* Begin PBXSourcesBuildPhase section */
		BC93C0501FA4A8D800917E14 /* Sources */ = {
			isa = PBXSourcesBuildPhase;
			buildActionMask = 2147483647;
			files = (
				BC1746B71FA60989008E1CD9 /* AppDelegate.swift in Sources */,
				BC1746B61FA60989008E1CD9 /* ViewController.swift in Sources */,
				BC1746B91FA609A9008E1CD9 /* QRImageGenerator.swift in Sources */,
			);
			runOnlyForDeploymentPostprocessing = 0;
		};
/* End PBXSourcesBuildPhase section */

/* Begin PBXVariantGroup section */
		BC93C05B1FA4A8D800917E14 /* Main.storyboard */ = {
			isa = PBXVariantGroup;
			children = (
				BC93C05C1FA4A8D800917E14 /* Base */,
			);
			name = Main.storyboard;
			sourceTree = "<group>";
		};
		BC93C0601FA4A8D800917E14 /* LaunchScreen.storyboard */ = {
			isa = PBXVariantGroup;
			children = (
				BC93C0611FA4A8D800917E14 /* Base */,
			);
			name = LaunchScreen.storyboard;
			sourceTree = "<group>";
		};
/* End PBXVariantGroup section */

/* Begin XCBuildConfiguration section */
		BC93C0641FA4A8D800917E14 /* Debug */ = {
			isa = XCBuildConfiguration;
			buildSettings = {
				ALWAYS_SEARCH_USER_PATHS = NO;
				CLANG_ANALYZER_NONNULL = YES;
				CLANG_ANALYZER_NUMBER_OBJECT_CONVERSION = YES_AGGRESSIVE;
				CLANG_CXX_LANGUAGE_STANDARD = "gnu++14";
				CLANG_CXX_LIBRARY = "libc++";
				CLANG_ENABLE_MODULES = YES;
				CLANG_ENABLE_OBJC_ARC = YES;
				CLANG_WARN_BLOCK_CAPTURE_AUTORELEASING = YES;
				CLANG_WARN_BOOL_CONVERSION = YES;
				CLANG_WARN_COMMA = YES;
				CLANG_WARN_CONSTANT_CONVERSION = YES;
				CLANG_WARN_DIRECT_OBJC_ISA_USAGE = YES_ERROR;
				CLANG_WARN_DOCUMENTATION_COMMENTS = YES;
				CLANG_WARN_EMPTY_BODY = YES;
				CLANG_WARN_ENUM_CONVERSION = YES;
				CLANG_WARN_INFINITE_RECURSION = YES;
				CLANG_WARN_INT_CONVERSION = YES;
				CLANG_WARN_NON_LITERAL_NULL_CONVERSION = YES;
				CLANG_WARN_OBJC_LITERAL_CONVERSION = YES;
				CLANG_WARN_OBJC_ROOT_CLASS = YES_ERROR;
				CLANG_WARN_RANGE_LOOP_ANALYSIS = YES;
				CLANG_WARN_STRICT_PROTOTYPES = YES;
				CLANG_WARN_SUSPICIOUS_MOVE = YES;
				CLANG_WARN_UNGUARDED_AVAILABILITY = YES_AGGRESSIVE;
				CLANG_WARN_UNREACHABLE_CODE = YES;
				CLANG_WARN__DUPLICATE_METHOD_MATCH = YES;
				CODE_SIGN_IDENTITY = "iPhone Developer";
				COPY_PHASE_STRIP = NO;
				DEBUG_INFORMATION_FORMAT = dwarf;
				ENABLE_STRICT_OBJC_MSGSEND = YES;
				ENABLE_TESTABILITY = YES;
				GCC_C_LANGUAGE_STANDARD = gnu11;
				GCC_DYNAMIC_NO_PIC = NO;
				GCC_NO_COMMON_BLOCKS = YES;
				GCC_OPTIMIZATION_LEVEL = 0;
				GCC_PREPROCESSOR_DEFINITIONS = (
					"DEBUG=1",
					"$(inherited)",
				);
				GCC_WARN_64_TO_32_BIT_CONVERSION = YES;
				GCC_WARN_ABOUT_RETURN_TYPE = YES_ERROR;
				GCC_WARN_UNDECLARED_SELECTOR = YES;
				GCC_WARN_UNINITIALIZED_AUTOS = YES_AGGRESSIVE;
				GCC_WARN_UNUSED_FUNCTION = YES;
				GCC_WARN_UNUSED_VARIABLE = YES;
				IPHONEOS_DEPLOYMENT_TARGET = 11.1;
				MTL_ENABLE_DEBUG_INFO = YES;
				ONLY_ACTIVE_ARCH = YES;
				SDKROOT = iphoneos;
				SWIFT_ACTIVE_COMPILATION_CONDITIONS = DEBUG;
				SWIFT_OPTIMIZATION_LEVEL = "-Onone";
			};
			name = Debug;
		};
		BC93C0651FA4A8D800917E14 /* Release */ = {
			isa = XCBuildConfiguration;
			buildSettings = {
				ALWAYS_SEARCH_USER_PATHS = NO;
				CLANG_ANALYZER_NONNULL = YES;
				CLANG_ANALYZER_NUMBER_OBJECT_CONVERSION = YES_AGGRESSIVE;
				CLANG_CXX_LANGUAGE_STANDARD = "gnu++14";
				CLANG_CXX_LIBRARY = "libc++";
				CLANG_ENABLE_MODULES = YES;
				CLANG_ENABLE_OBJC_ARC = YES;
				CLANG_WARN_BLOCK_CAPTURE_AUTORELEASING = YES;
				CLANG_WARN_BOOL_CONVERSION = YES;
				CLANG_WARN_COMMA = YES;
				CLANG_WARN_CONSTANT_CONVERSION = YES;
				CLANG_WARN_DIRECT_OBJC_ISA_USAGE = YES_ERROR;
				CLANG_WARN_DOCUMENTATION_COMMENTS = YES;
				CLANG_WARN_EMPTY_BODY = YES;
				CLANG_WARN_ENUM_CONVERSION = YES;
				CLANG_WARN_INFINITE_RECURSION = YES;
				CLANG_WARN_INT_CONVERSION = YES;
				CLANG_WARN_NON_LITERAL_NULL_CONVERSION = YES;
				CLANG_WARN_OBJC_LITERAL_CONVERSION = YES;
				CLANG_WARN_OBJC_ROOT_CLASS = YES_ERROR;
				CLANG_WARN_RANGE_LOOP_ANALYSIS = YES;
				CLANG_WARN_STRICT_PROTOTYPES = YES;
				CLANG_WARN_SUSPICIOUS_MOVE = YES;
				CLANG_WARN_UNGUARDED_AVAILABILITY = YES_AGGRESSIVE;
				CLANG_WARN_UNREACHABLE_CODE = YES;
				CLANG_WARN__DUPLICATE_METHOD_MATCH = YES;
				CODE_SIGN_IDENTITY = "iPhone Developer";
				COPY_PHASE_STRIP = NO;
				DEBUG_INFORMATION_FORMAT = "dwarf-with-dsym";
				ENABLE_NS_ASSERTIONS = NO;
				ENABLE_STRICT_OBJC_MSGSEND = YES;
				GCC_C_LANGUAGE_STANDARD = gnu11;
				GCC_NO_COMMON_BLOCKS = YES;
				GCC_WARN_64_TO_32_BIT_CONVERSION = YES;
				GCC_WARN_ABOUT_RETURN_TYPE = YES_ERROR;
				GCC_WARN_UNDECLARED_SELECTOR = YES;
				GCC_WARN_UNINITIALIZED_AUTOS = YES_AGGRESSIVE;
				GCC_WARN_UNUSED_FUNCTION = YES;
				GCC_WARN_UNUSED_VARIABLE = YES;
				IPHONEOS_DEPLOYMENT_TARGET = 11.1;
				MTL_ENABLE_DEBUG_INFO = NO;
				SDKROOT = iphoneos;
				SWIFT_OPTIMIZATION_LEVEL = "-Owholemodule";
				VALIDATE_PRODUCT = YES;
			};
			name = Release;
		};
		BC93C0671FA4A8D800917E14 /* Debug */ = {
			isa = XCBuildConfiguration;
			buildSettings = {
				ASSETCATALOG_COMPILER_APPICON_NAME = AppIcon;
				CODE_SIGN_STYLE = Automatic;
				INFOPLIST_FILE = QRCodeGenerator/Info.plist;
				LD_RUNPATH_SEARCH_PATHS = "$(inherited) @executable_path/Frameworks";
				PRODUCT_BUNDLE_IDENTIFIER = DR.QRCodeGenerator;
				PRODUCT_NAME = "$(TARGET_NAME)";
				SWIFT_VERSION = 4.0;
				TARGETED_DEVICE_FAMILY = "1,2";
			};
			name = Debug;
		};
		BC93C0681FA4A8D800917E14 /* Release */ = {
			isa = XCBuildConfiguration;
			buildSettings = {
				ASSETCATALOG_COMPILER_APPICON_NAME = AppIcon;
				CODE_SIGN_STYLE = Automatic;
				INFOPLIST_FILE = QRCodeGenerator/Info.plist;
				LD_RUNPATH_SEARCH_PATHS = "$(inherited) @executable_path/Frameworks";
				PRODUCT_BUNDLE_IDENTIFIER = DR.QRCodeGenerator;
				PRODUCT_NAME = "$(TARGET_NAME)";
				SWIFT_VERSION = 4.0;
				TARGETED_DEVICE_FAMILY = "1,2";
			};
			name = Release;
		};
/* End XCBuildConfiguration section */

/* Begin XCConfigurationList section */
		BC93C04F1FA4A8D800917E14 /* Build configuration list for PBXProject "QRCodeGenerator" */ = {
			isa = XCConfigurationList;
			buildConfigurations = (
				BC93C0641FA4A8D800917E14 /* Debug */,
				BC93C0651FA4A8D800917E14 /* Release */,
			);
			defaultConfigurationIsVisible = 0;
			defaultConfigurationName = Release;
		};
		BC93C0661FA4A8D800917E14 /* Build configuration list for PBXNativeTarget "QRCodeGenerator" */ = {
			isa = XCConfigurationList;
			buildConfigurations = (
				BC93C0671FA4A8D800917E14 /* Debug */,
				BC93C0681FA4A8D800917E14 /* Release */,
			);
			defaultConfigurationIsVisible = 0;
			defaultConfigurationName = Release;
		};
/* End XCConfigurationList section */
	};
	rootObject = BC93C04C1FA4A8D800917E14 /* Project object */;
}
